github.com/dwdwow/props v0.0.4 h1:4d/zbuaYRTTHwRmIWNDahjMYUUAMH3WDz84wcQVmvB0=
github.com/dwdwow/props v0.0.4/go.mod h1:dWhnhFKeTzqSbKlYuNzY6QhJv93eE9Yq/t3O61QMybA=
github.com/dwdwow/ws v0.0.1 h1:334dDjzffSfka+tjyDC8WJC8yRqKKd59r2VYoQutOtU=
github.com/dwdwow/ws v0.0.1/go.mod h1:DRTcM91FameGbc9KyG7t4/cWtFOBiOWQd64Ph5XHfQ8=
